name: Update Flake Lock

on:
  push:
    branches:
      - main
  schedule:
    - cron: "0 * * * *" # Runs every hour
  workflow_dispatch:

permissions:
  contents: write

jobs:
  update-flake-lock:
    runs-on: ubuntu-latest

    steps:
      - name: Checkout repository
        uses: actions/checkout@v2

      - name: Set up Nix
        uses: cachix/install-nix-action@v15

      - name: Update flake.lock
        run: nix flake update

      - name: Commit and Push Changes
        run: |
          # configure user
          git config --global user.name "${{ github.actor }}"
          git config --global user.email "${{ github.actor }}@users.noreply.github.com"

          # stage any file changes to be committed
          git add -f flake.lock

          # make commit with staged changes
          git commit -m 'Update flake.lock'

          # push the commit back up to source GitHub repository
          git push
